
Microsoft Visual Studio Solution File, Format Version 12.00
# Visual Studio Version 16
VisualStudioVersion = 16.0.30330.147
MinimumVisualStudioVersion = 10.0.40219.1
Project("{9A19103F-16F7-4668-BE54-9A1E7A4F7556}") = "Task_04", "Task_04\Task_04.csproj", "{8AC74CDB-EB50-4877-A2F0-8369DD79B3A3}"
EndProject
Project("{9A19103F-16F7-4668-BE54-9A1E7A4F7556}") = "Task_04.test", "Task_04.test\Task_04.test.csproj", "{29F8F602-14F2-4FA2-9B5F-7B2A604D7FF9}"
EndProject
Project("{FAE04EC0-301F-11D3-BF4B-00C04F79EFBC}") = "Task_05", "Task_05\Task_05.csproj", "{FBC87E18-3C13-475B-BB04-2FA8326A4E16}"
EndProject
Global
	GlobalSection(SolutionConfigurationPlatforms) = preSolution
		Debug|Any CPU = Debug|Any CPU
		Release|Any CPU = Release|Any CPU
	EndGlobalSection
	GlobalSection(ProjectConfigurationPlatforms) = postSolution
		{8AC74CDB-EB50-4877-A2F0-8369DD79B3A3}.Debug|Any CPU.ActiveCfg = Debug|Any CPU
		{8AC74CDB-EB50-4877-A2F0-8369DD79B3A3}.Debug|Any CPU.Build.0 = Debug|Any CPU
		{8AC74CDB-EB50-4877-A2F0-8369DD79B3A3}.Release|Any CPU.ActiveCfg = Release|Any CPU
		{8AC74CDB-EB50-4877-A2F0-8369DD79B3A3}.Release|Any CPU.Build.0 = Release|Any CPU
		{29F8F602-14F2-4FA2-9B5F-7B2A604D7FF9}.Debug|Any CPU.ActiveCfg = Debug|Any CPU
		{29F8F602-14F2-4FA2-9B5F-7B2A604D7FF9}.Debug|Any CPU.Build.0 = Debug|Any CPU
		{29F8F602-14F2-4FA2-9B5F-7B2A604D7FF9}.Release|Any CPU.ActiveCfg = Release|Any CPU
		{29F8F602-14F2-4FA2-9B5F-7B2A604D7FF9}.Release|Any CPU.Build.0 = Release|Any CPU
		{FBC87E18-3C13-475B-BB04-2FA8326A4E16}.Debug|Any CPU.ActiveCfg = Debug|Any CPU
		{FBC87E18-3C13-475B-BB04-2FA8326A4E16}.Debug|Any CPU.Build.0 = Debug|Any CPU
		{FBC87E18-3C13-475B-BB04-2FA8326A4E16}.Release|Any CPU.ActiveCfg = Release|Any CPU
		{FBC87E18-3C13-475B-BB04-2FA8326A4E16}.Release|Any CPU.Build.0 = Release|Any CPU
	EndGlobalSection
	GlobalSection(SolutionProperties) = preSolution
		HideSolutionNode = FALSE
	EndGlobalSection
	GlobalSection(ExtensibilityGlobals) = postSolution
		SolutionGuid = {8CDF3CE7-5876-4CA0-AF0C-9EC301ACE480}
	EndGlobalSection
EndGlobal
